
Microsoft Visual Studio Solution File, Format Version 12.00
Project("{FAE04EC0-301F-11D3-BF4B-00C04F79EFBC}") = "GenDI.Test", "GenDI.Test\GenDI.Test.csproj", "{75E1ABD2-4369-4543-BF61-5757A72D976A}"
EndProject
Project("{FAE04EC0-301F-11D3-BF4B-00C04F79EFBC}") = "GenDI", "GenDI\GenDI.csproj", "{594DB45F-F590-463F-B7EB-62BC5EEDEC3D}"
EndProject
Global
	GlobalSection(SolutionConfigurationPlatforms) = preSolution
		Debug|Any CPU = Debug|Any CPU
		Release|Any CPU = Release|Any CPU
	EndGlobalSection
	GlobalSection(ProjectConfigurationPlatforms) = postSolution
		{75E1ABD2-4369-4543-BF61-5757A72D976A}.Debug|Any CPU.ActiveCfg = Debug|Any CPU
		{75E1ABD2-4369-4543-BF61-5757A72D976A}.Debug|Any CPU.Build.0 = Debug|Any CPU
		{75E1ABD2-4369-4543-BF61-5757A72D976A}.Release|Any CPU.ActiveCfg = Release|Any CPU
		{75E1ABD2-4369-4543-BF61-5757A72D976A}.Release|Any CPU.Build.0 = Release|Any CPU
		{594DB45F-F590-463F-B7EB-62BC5EEDEC3D}.Debug|Any CPU.ActiveCfg = Debug|Any CPU
		{594DB45F-F590-463F-B7EB-62BC5EEDEC3D}.Debug|Any CPU.Build.0 = Debug|Any CPU
		{594DB45F-F590-463F-B7EB-62BC5EEDEC3D}.Release|Any CPU.ActiveCfg = Release|Any CPU
		{594DB45F-F590-463F-B7EB-62BC5EEDEC3D}.Release|Any CPU.Build.0 = Release|Any CPU
	EndGlobalSection
EndGlobal
